{
  "pins" : [
    {
      "identity" : "mobile-ios-design-swiftui",
      "kind" : "remoteSourceControl",
      "location" : "https://github.com/SchweizerischeBundesbahnen/mobile-ios-design-swiftui",
      "state" : {
        "branch" : "main",
        "revision" : "26a0ecabcee7728f2a75fa9448f22ea70922e569"
      }
    }
  ],
  "version" : 2
}
